
Microsoft Visual Studio Solution File, Format Version 12.00
# Visual Studio Version 17
VisualStudioVersion = 17.8.34322.80
MinimumVisualStudioVersion = 10.0.40219.1
Project("{FAE04EC0-301F-11D3-BF4B-00C04F79EFBC}") = "API-Layer", "API-Layer\API-Layer.csproj", "{0EC4C48B-46BD-4183-9953-DA29D2F1BD46}"
EndProject
Project("{FAE04EC0-301F-11D3-BF4B-00C04F79EFBC}") = "Application-Layer", "Application-Layer\Application-Layer.csproj", "{C2510920-F969-4935-B954-371D084A32BD}"
EndProject
Project("{FAE04EC0-301F-11D3-BF4B-00C04F79EFBC}") = "Domain-Layer", "Domain-Layer\Domain-Layer.csproj", "{249CA95C-BD83-41DC-8E76-F136A517F5EE}"
EndProject
Project("{FAE04EC0-301F-11D3-BF4B-00C04F79EFBC}") = "Infrastructure-Layer", "Infrastructure-Layer\Infrastructure-Layer.csproj", "{84EE79A9-DB67-4269-8505-68E2E53330CC}"
EndProject
Global
	GlobalSection(SolutionConfigurationPlatforms) = preSolution
		Debug|Any CPU = Debug|Any CPU
		Release|Any CPU = Release|Any CPU
	EndGlobalSection
	GlobalSection(ProjectConfigurationPlatforms) = postSolution
		{0EC4C48B-46BD-4183-9953-DA29D2F1BD46}.Debug|Any CPU.ActiveCfg = Debug|Any CPU
		{0EC4C48B-46BD-4183-9953-DA29D2F1BD46}.Debug|Any CPU.Build.0 = Debug|Any CPU
		{0EC4C48B-46BD-4183-9953-DA29D2F1BD46}.Release|Any CPU.ActiveCfg = Release|Any CPU
		{0EC4C48B-46BD-4183-9953-DA29D2F1BD46}.Release|Any CPU.Build.0 = Release|Any CPU
		{C2510920-F969-4935-B954-371D084A32BD}.Debug|Any CPU.ActiveCfg = Debug|Any CPU
		{C2510920-F969-4935-B954-371D084A32BD}.Debug|Any CPU.Build.0 = Debug|Any CPU
		{C2510920-F969-4935-B954-371D084A32BD}.Release|Any CPU.ActiveCfg = Release|Any CPU
		{C2510920-F969-4935-B954-371D084A32BD}.Release|Any CPU.Build.0 = Release|Any CPU
		{249CA95C-BD83-41DC-8E76-F136A517F5EE}.Debug|Any CPU.ActiveCfg = Debug|Any CPU
		{249CA95C-BD83-41DC-8E76-F136A517F5EE}.Debug|Any CPU.Build.0 = Debug|Any CPU
		{249CA95C-BD83-41DC-8E76-F136A517F5EE}.Release|Any CPU.ActiveCfg = Release|Any CPU
		{249CA95C-BD83-41DC-8E76-F136A517F5EE}.Release|Any CPU.Build.0 = Release|Any CPU
		{84EE79A9-DB67-4269-8505-68E2E53330CC}.Debug|Any CPU.ActiveCfg = Debug|Any CPU
		{84EE79A9-DB67-4269-8505-68E2E53330CC}.Debug|Any CPU.Build.0 = Debug|Any CPU
		{84EE79A9-DB67-4269-8505-68E2E53330CC}.Release|Any CPU.ActiveCfg = Release|Any CPU
		{84EE79A9-DB67-4269-8505-68E2E53330CC}.Release|Any CPU.Build.0 = Release|Any CPU
	EndGlobalSection
	GlobalSection(SolutionProperties) = preSolution
		HideSolutionNode = FALSE
	EndGlobalSection
	GlobalSection(ExtensibilityGlobals) = postSolution
		SolutionGuid = {1AD2B064-6E41-4D84-A990-528C3EAAE3C3}
	EndGlobalSection
EndGlobal
